
Microsoft Visual Studio Solution File, Format Version 12.00
# Visual Studio Version 16
VisualStudioVersion = 16.0.31702.278
MinimumVisualStudioVersion = 10.0.40219.1
Project("{9A19103F-16F7-4668-BE54-9A1E7A4F7556}") = "pz_5", "pz_5\pz_5.csproj", "{B70950E3-E27B-4F89-85C1-B5C9F66AC367}"
EndProject
Project("{9A19103F-16F7-4668-BE54-9A1E7A4F7556}") = "pz_6", "pz_6\pz_6.csproj", "{8D35F126-BDCC-4452-BD98-661A113DA21B}"
EndProject
Project("{9A19103F-16F7-4668-BE54-9A1E7A4F7556}") = "pz_8", "pz_8\pz_8.csproj", "{5B937A89-642A-41E0-A5A5-2D879C5F63EC}"
EndProject
Project("{9A19103F-16F7-4668-BE54-9A1E7A4F7556}") = "pz_9", "pz_9\pz_9.csproj", "{34BC7C3C-445E-4069-B6A3-0DC32BF9E6EA}"
EndProject
Project("{9A19103F-16F7-4668-BE54-9A1E7A4F7556}") = "pz_10", "pz_10\pz_10.csproj", "{7DC7A679-0C4A-43E0-A4FD-558CBD235DEB}"
EndProject
Project("{9A19103F-16F7-4668-BE54-9A1E7A4F7556}") = "pz_11", "pz_11\pz_11.csproj", "{D31351B3-A544-4EE7-AA58-EC219458C589}"
EndProject
Project("{9A19103F-16F7-4668-BE54-9A1E7A4F7556}") = "pz_12", "pz_12\pz_12.csproj", "{9F1DF6C2-8CA0-4834-B975-A4952CD45CC7}"
EndProject
Project("{9A19103F-16F7-4668-BE54-9A1E7A4F7556}") = "pz_16", "pz_16\pz_16.csproj", "{F9FD798B-87A6-430E-AE37-5FF89687D724}"
EndProject
Project("{FAE04EC0-301F-11D3-BF4B-00C04F79EFBC}") = "pz_14", "pz_14\pz_14.csproj", "{7428A182-C193-4D7A-83F0-EEE0DE60B633}"
EndProject
Global
	GlobalSection(SolutionConfigurationPlatforms) = preSolution
		Debug|Any CPU = Debug|Any CPU
		Release|Any CPU = Release|Any CPU
	EndGlobalSection
	GlobalSection(ProjectConfigurationPlatforms) = postSolution
		{B70950E3-E27B-4F89-85C1-B5C9F66AC367}.Debug|Any CPU.ActiveCfg = Debug|Any CPU
		{B70950E3-E27B-4F89-85C1-B5C9F66AC367}.Debug|Any CPU.Build.0 = Debug|Any CPU
		{B70950E3-E27B-4F89-85C1-B5C9F66AC367}.Release|Any CPU.ActiveCfg = Release|Any CPU
		{B70950E3-E27B-4F89-85C1-B5C9F66AC367}.Release|Any CPU.Build.0 = Release|Any CPU
		{8D35F126-BDCC-4452-BD98-661A113DA21B}.Debug|Any CPU.ActiveCfg = Debug|Any CPU
		{8D35F126-BDCC-4452-BD98-661A113DA21B}.Debug|Any CPU.Build.0 = Debug|Any CPU
		{8D35F126-BDCC-4452-BD98-661A113DA21B}.Release|Any CPU.ActiveCfg = Release|Any CPU
		{8D35F126-BDCC-4452-BD98-661A113DA21B}.Release|Any CPU.Build.0 = Release|Any CPU
		{5B937A89-642A-41E0-A5A5-2D879C5F63EC}.Debug|Any CPU.ActiveCfg = Debug|Any CPU
		{5B937A89-642A-41E0-A5A5-2D879C5F63EC}.Debug|Any CPU.Build.0 = Debug|Any CPU
		{5B937A89-642A-41E0-A5A5-2D879C5F63EC}.Release|Any CPU.ActiveCfg = Release|Any CPU
		{5B937A89-642A-41E0-A5A5-2D879C5F63EC}.Release|Any CPU.Build.0 = Release|Any CPU
		{34BC7C3C-445E-4069-B6A3-0DC32BF9E6EA}.Debug|Any CPU.ActiveCfg = Debug|Any CPU
		{34BC7C3C-445E-4069-B6A3-0DC32BF9E6EA}.Debug|Any CPU.Build.0 = Debug|Any CPU
		{34BC7C3C-445E-4069-B6A3-0DC32BF9E6EA}.Release|Any CPU.ActiveCfg = Release|Any CPU
		{34BC7C3C-445E-4069-B6A3-0DC32BF9E6EA}.Release|Any CPU.Build.0 = Release|Any CPU
		{7DC7A679-0C4A-43E0-A4FD-558CBD235DEB}.Debug|Any CPU.ActiveCfg = Debug|Any CPU
		{7DC7A679-0C4A-43E0-A4FD-558CBD235DEB}.Debug|Any CPU.Build.0 = Debug|Any CPU
		{7DC7A679-0C4A-43E0-A4FD-558CBD235DEB}.Release|Any CPU.ActiveCfg = Release|Any CPU
		{7DC7A679-0C4A-43E0-A4FD-558CBD235DEB}.Release|Any CPU.Build.0 = Release|Any CPU
		{D31351B3-A544-4EE7-AA58-EC219458C589}.Debug|Any CPU.ActiveCfg = Debug|Any CPU
		{D31351B3-A544-4EE7-AA58-EC219458C589}.Debug|Any CPU.Build.0 = Debug|Any CPU
		{D31351B3-A544-4EE7-AA58-EC219458C589}.Release|Any CPU.ActiveCfg = Release|Any CPU
		{D31351B3-A544-4EE7-AA58-EC219458C589}.Release|Any CPU.Build.0 = Release|Any CPU
		{9F1DF6C2-8CA0-4834-B975-A4952CD45CC7}.Debug|Any CPU.ActiveCfg = Debug|Any CPU
		{9F1DF6C2-8CA0-4834-B975-A4952CD45CC7}.Debug|Any CPU.Build.0 = Debug|Any CPU
		{9F1DF6C2-8CA0-4834-B975-A4952CD45CC7}.Release|Any CPU.ActiveCfg = Release|Any CPU
		{9F1DF6C2-8CA0-4834-B975-A4952CD45CC7}.Release|Any CPU.Build.0 = Release|Any CPU
		{F9FD798B-87A6-430E-AE37-5FF89687D724}.Debug|Any CPU.ActiveCfg = Debug|Any CPU
		{F9FD798B-87A6-430E-AE37-5FF89687D724}.Debug|Any CPU.Build.0 = Debug|Any CPU
		{F9FD798B-87A6-430E-AE37-5FF89687D724}.Release|Any CPU.ActiveCfg = Release|Any CPU
		{F9FD798B-87A6-430E-AE37-5FF89687D724}.Release|Any CPU.Build.0 = Release|Any CPU
		{7428A182-C193-4D7A-83F0-EEE0DE60B633}.Debug|Any CPU.ActiveCfg = Debug|Any CPU
		{7428A182-C193-4D7A-83F0-EEE0DE60B633}.Debug|Any CPU.Build.0 = Debug|Any CPU
		{7428A182-C193-4D7A-83F0-EEE0DE60B633}.Release|Any CPU.ActiveCfg = Release|Any CPU
		{7428A182-C193-4D7A-83F0-EEE0DE60B633}.Release|Any CPU.Build.0 = Release|Any CPU
	EndGlobalSection
	GlobalSection(SolutionProperties) = preSolution
		HideSolutionNode = FALSE
	EndGlobalSection
	GlobalSection(ExtensibilityGlobals) = postSolution
		SolutionGuid = {E2930D96-1F41-4AFC-9953-CD3DAC387B55}
	EndGlobalSection
EndGlobal
